# generated by rye
# use `rye lock` or `rye sync` to update this lockfile
#
# last locked with the following flags:
#   pre: false
#   features: []
#   all-features: false
#   with-sources: false
#   generate-hashes: false
#   universal: false

-e file:.
alabaster==1.0.0
    # via sphinx
attrs==25.3.0
    # via jsonschema
    # via referencing
babel==2.17.0
    # via sphinx
beautifulsoup4==4.13.4
    # via furo
    # via sphinx-simplepdf
brotli==1.1.0
    # via fonttools
certifi==2025.4.26
    # via requests
cffi==1.17.1
    # via weasyprint
charset-normalizer==3.4.2
    # via requests
contourpy==1.3.2
    # via matplotlib
cssselect2==0.8.0
    # via weasyprint
cycler==0.12.1
    # via matplotlib
cython==3.1.1
    # via sphinx
defusedxml==0.7.1
    # via sphinx
docutils==0.21.2
    # via sphinx
execnet==2.1.1
    # via pytest-xdist
fonttools==4.58.0
    # via matplotlib
    # via weasyprint
furo==2024.8.6
    # via sphinx-safety
idna==3.10
    # via requests
imagesize==1.4.1
    # via sphinx
iniconfig==2.1.0
    # via pytest
jinja2==3.1.6
    # via sphinx
jsonschema==4.23.0
    # via sphinx-needs
jsonschema-specifications==2025.4.1
    # via jsonschema
kiwisolver==1.4.8
    # via matplotlib
libsass==0.23.0
    # via sphinx-simplepdf
markupsafe==3.0.2
    # via jinja2
matplotlib==3.10.3
    # via sphinx-needs
numpy==2.2.6
    # via contourpy
    # via matplotlib
packaging==25.0
    # via matplotlib
    # via pytest
    # via sphinx
pillow==11.2.1
    # via matplotlib
    # via weasyprint
pluggy==1.6.0
    # via pytest
psutil==7.0.0
    # via pytest-xdist
pycparser==2.22
    # via cffi
pydyf==0.11.0
    # via weasyprint
pygments==2.19.1
    # via furo
    # via pytest
    # via sphinx
pyparsing==3.2.3
    # via matplotlib
pyphen==0.17.2
    # via weasyprint
pytest==8.4.0
    # via pytest-xdist
    # via sphinx
pytest-xdist==3.7.0
    # via sphinx
python-dateutil==2.9.0.post0
    # via matplotlib
referencing==0.36.2
    # via jsonschema
    # via jsonschema-specifications
requests==2.32.3
    # via requests-file
    # via sphinx
    # via sphinx-needs
requests-file==2.1.0
    # via sphinx-needs
roman-numerals-py==3.1.0
    # via sphinx
rpds-py==0.24.0
    # via jsonschema
    # via referencing
setuptools==80.9.0
    # via sphinx
six==1.17.0
    # via python-dateutil
snowballstemmer==3.0.1
    # via sphinx
soupsieve==2.7
    # via beautifulsoup4
sphinx==8.2.3
    # via furo
    # via sphinx-basic-ng
    # via sphinx-data-viewer
    # via sphinx-design
    # via sphinx-needs
    # via sphinx-safety
    # via sphinx-simplepdf
    # via sphinxcontrib-jquery
    # via sphinxcontrib-plantuml
sphinx-basic-ng==1.0.0b2
    # via furo
sphinx-data-viewer==0.1.5
    # via sphinx-needs
sphinx-design==0.6.1
    # via sphinx-safety
sphinx-needs==5.1.0
    # via sphinx-safety
sphinx-simplepdf==1.6.0
    # via sphinx-safety
sphinxcontrib-applehelp==2.0.0
    # via sphinx
sphinxcontrib-devhelp==2.0.0
    # via sphinx
sphinxcontrib-htmlhelp==2.1.0
    # via sphinx
sphinxcontrib-jquery==4.1
    # via sphinx-needs
sphinxcontrib-jsmath==1.0.1
    # via sphinx
sphinxcontrib-plantuml==0.30
    # via sphinx-safety
sphinxcontrib-qthelp==2.0.0
    # via sphinx
sphinxcontrib-serializinghtml==2.0.0
    # via sphinx
tinycss2==1.4.0
    # via cssselect2
    # via weasyprint
tinyhtml5==2.0.0
    # via weasyprint
typing-extensions==4.13.2
    # via beautifulsoup4
    # via referencing
    # via sphinx
urllib3==2.4.0
    # via requests
weasyprint==65.1
    # via sphinx-simplepdf
webencodings==0.5.1
    # via cssselect2
    # via tinycss2
    # via tinyhtml5
zopfli==0.2.3.post1
    # via fonttools
